[root]
name = "update"
version = "0.0.1"
dependencies = [
 "regex 0.1.29 (registry+https://github.com/rust-lang/crates.io-index)",
 "rustc-serialize 0.3.13 (registry+https://github.com/rust-lang/crates.io-index)",
]

[[package]]
name = "regex"
version = "0.1.29"
source = "registry+https://github.com/rust-lang/crates.io-index"

[[package]]
name = "rustc-serialize"
version = "0.3.13"
source = "registry+https://github.com/rust-lang/crates.io-index"

